
Microsoft Visual Studio Solution File, Format Version 12.00
# Visual Studio 2013
VisualStudioVersion = 12.0.40629.0
MinimumVisualStudioVersion = 10.0.40219.1
Project("{FAE04EC0-301F-11D3-BF4B-00C04F79EFBC}") = "TitleAnalyzer.Domain", "TitleAnalyzer.Domain\TitleAnalyzer.Domain.csproj", "{A773DE2A-4AE0-4E58-8F87-08B0958EF8C7}"
EndProject
Project("{FAE04EC0-301F-11D3-BF4B-00C04F79EFBC}") = "TitleAnalyzer.LevenshteinCalculator", "TitleAnalyzer.LevenshteinCalculator\TitleAnalyzer.LevenshteinCalculator.csproj", "{3B39B458-7FD3-4CE9-BF3B-7569014C57B8}"
EndProject
Project("{FAE04EC0-301F-11D3-BF4B-00C04F79EFBC}") = "TitleAnalyzer.MyAnalyzer", "TitleAnalyzer.MyAnalyzer\TitleAnalyzer.MyAnalyzer.csproj", "{60CB5248-0286-40F8-BA39-38358F0FC5CD}"
EndProject
Project("{FAE04EC0-301F-11D3-BF4B-00C04F79EFBC}") = "TitleAnalyzer.JsonPageRepository", "TitleAnalyzer.JsonPageRepository\TitleAnalyzer.JsonPageRepository.csproj", "{11F2387E-4D21-4BE6-9F64-2D0FD776C8AC}"
EndProject
Project("{FAE04EC0-301F-11D3-BF4B-00C04F79EFBC}") = "TitleAnalyzer.Client", "TitleAnalyzer.Client\TitleAnalyzer.Client.csproj", "{F79B5362-CE2A-4ED6-9E4D-A0173A54124D}"
EndProject
Global
	GlobalSection(SolutionConfigurationPlatforms) = preSolution
		Debug|Any CPU = Debug|Any CPU
		Release|Any CPU = Release|Any CPU
	EndGlobalSection
	GlobalSection(ProjectConfigurationPlatforms) = postSolution
		{A773DE2A-4AE0-4E58-8F87-08B0958EF8C7}.Debug|Any CPU.ActiveCfg = Debug|Any CPU
		{A773DE2A-4AE0-4E58-8F87-08B0958EF8C7}.Debug|Any CPU.Build.0 = Debug|Any CPU
		{A773DE2A-4AE0-4E58-8F87-08B0958EF8C7}.Release|Any CPU.ActiveCfg = Release|Any CPU
		{A773DE2A-4AE0-4E58-8F87-08B0958EF8C7}.Release|Any CPU.Build.0 = Release|Any CPU
		{3B39B458-7FD3-4CE9-BF3B-7569014C57B8}.Debug|Any CPU.ActiveCfg = Debug|Any CPU
		{3B39B458-7FD3-4CE9-BF3B-7569014C57B8}.Debug|Any CPU.Build.0 = Debug|Any CPU
		{3B39B458-7FD3-4CE9-BF3B-7569014C57B8}.Release|Any CPU.ActiveCfg = Release|Any CPU
		{3B39B458-7FD3-4CE9-BF3B-7569014C57B8}.Release|Any CPU.Build.0 = Release|Any CPU
		{60CB5248-0286-40F8-BA39-38358F0FC5CD}.Debug|Any CPU.ActiveCfg = Debug|Any CPU
		{60CB5248-0286-40F8-BA39-38358F0FC5CD}.Debug|Any CPU.Build.0 = Debug|Any CPU
		{60CB5248-0286-40F8-BA39-38358F0FC5CD}.Release|Any CPU.ActiveCfg = Release|Any CPU
		{60CB5248-0286-40F8-BA39-38358F0FC5CD}.Release|Any CPU.Build.0 = Release|Any CPU
		{11F2387E-4D21-4BE6-9F64-2D0FD776C8AC}.Debug|Any CPU.ActiveCfg = Debug|Any CPU
		{11F2387E-4D21-4BE6-9F64-2D0FD776C8AC}.Debug|Any CPU.Build.0 = Debug|Any CPU
		{11F2387E-4D21-4BE6-9F64-2D0FD776C8AC}.Release|Any CPU.ActiveCfg = Release|Any CPU
		{11F2387E-4D21-4BE6-9F64-2D0FD776C8AC}.Release|Any CPU.Build.0 = Release|Any CPU
		{F79B5362-CE2A-4ED6-9E4D-A0173A54124D}.Debug|Any CPU.ActiveCfg = Debug|Any CPU
		{F79B5362-CE2A-4ED6-9E4D-A0173A54124D}.Debug|Any CPU.Build.0 = Debug|Any CPU
		{F79B5362-CE2A-4ED6-9E4D-A0173A54124D}.Release|Any CPU.ActiveCfg = Release|Any CPU
		{F79B5362-CE2A-4ED6-9E4D-A0173A54124D}.Release|Any CPU.Build.0 = Release|Any CPU
	EndGlobalSection
	GlobalSection(SolutionProperties) = preSolution
		HideSolutionNode = FALSE
	EndGlobalSection
EndGlobal
